{
    "_readme": [
        "This file locks the dependencies of your project to a known state",
        "Read more about it at https://getcomposer.org/doc/01-basic-usage.md#composer-lock-the-lock-file",
        "This file is @generated automatically"
    ],
    "content-hash": "c153e556bef280e8eff5be4cbbc4a964",
    "packages": [
        {
            "name": "khanamiryan/qrcode-detector-decoder",
            "version": "1.0.2",
            "source": {
                "type": "git",
                "url": "https://github.com/khanamiryan/php-qrcode-detector-decoder.git",
                "reference": "a75482d3bc804e3f6702332bfda6cccbb0dfaa76"
            },
            "dist": {
                "type": "zip",
                "url": "https://api.github.com/repos/khanamiryan/php-qrcode-detector-decoder/zipball/a75482d3bc804e3f6702332bfda6cccbb0dfaa76",
                "reference": "a75482d3bc804e3f6702332bfda6cccbb0dfaa76",
                "shasum": "",
                "mirrors": [
                    {
                        "url": "https://dl.laravel-china.org/%package%/%reference%.%type%",
                        "preferred": true
                    }
                ]
            },
            "require": {
                "php": "^5.6|^7.0"
            },
            "require-dev": {
                "phpunit/phpunit": "^5.7"
            },
            "type": "library",
            "autoload": {
                "psr-4": {
                    "Zxing\\": "lib/"
                },
                "files": [
                    "lib/Common/customFunctions.php"
                ]
            },
            "notification-url": "https://packagist.org/downloads/",
            "license": [
                "MIT"
            ],
            "authors": [
                {
                    "name": "Ashot Khanamiryan",
                    "email": "a.khanamiryan@gmail.com",
                    "homepage": "https://github.com/khanamiryan",
                    "role": "Developer"
                }
            ],
            "description": "QR code decoder / reader",
            "homepage": "https://github.com/khanamiryan/php-qrcode-detector-decoder/",
            "keywords": [
                "barcode",
                "qr",
                "zxing"
            ],
            "time": "2018-04-26T11:41:33+00:00"
        },
        {
            "name": "liesauer/get-middle-text",
            "version": "v1.0",
            "source": {
                "type": "git",
                "url": "https://github.com/liesauer/getMiddleText.git",
                "reference": "893fd3c39d14c2daf047191390d94943f0618898"
            },
            "dist": {
                "type": "zip",
                "url": "https://api.github.com/repos/liesauer/getMiddleText/zipball/893fd3c39d14c2daf047191390d94943f0618898",
                "reference": "893fd3c39d14c2daf047191390d94943f0618898",
                "shasum": "",
                "mirrors": [
                    {
                        "url": "https://dl.laravel-china.org/%package%/%reference%.%type%",
                        "preferred": true
                    }
                ]
            },
            "type": "library",
            "autoload": {
                "files": [
                    "src/getMiddleText.php"
                ]
            },
            "notification-url": "https://packagist.org/downloads/",
            "license": [
                "MIT"
            ],
            "description": "getMiddleText",
            "time": "2017-09-15T10:45:29+00:00"
        },
        {
            "name": "liesauer/simple-http-client",
            "version": "v1.2.1",
            "source": {
                "type": "git",
                "url": "https://github.com/liesauer/SimpleHttpClient.git",
                "reference": "e9e3ea0f1fcc9d55af0fd03afbdeba41fb36cb9a"
            },
            "dist": {
                "type": "zip",
                "url": "https://api.github.com/repos/liesauer/SimpleHttpClient/zipball/e9e3ea0f1fcc9d55af0fd03afbdeba41fb36cb9a",
                "reference": "e9e3ea0f1fcc9d55af0fd03afbdeba41fb36cb9a",
                "shasum": "",
                "mirrors": [
                    {
                        "url": "https://dl.laravel-china.org/%package%/%reference%.%type%",
                        "preferred": true
                    }
                ]
            },
            "require": {
                "ext-curl": "*"
            },
            "type": "library",
            "autoload": {
                "psr-4": {
                    "liesauer\\": "src/"
                }
            },
            "notification-url": "https://packagist.org/downloads/",
            "license": [
                "MIT"
            ],
            "description": "SimpleHttpClient",
            "time": "2018-08-13T14:35:30+00:00"
        },
        {
            "name": "nulastudio/middleware",
            "version": "v1.0.1",
            "source": {
                "type": "git",
                "url": "https://github.com/nulastudio/middleware.git",
                "reference": "a1fa454b4793b51e9f4349e39c017c9ed507be04"
            },
            "dist": {
                "type": "zip",
                "url": "https://api.github.com/repos/nulastudio/middleware/zipball/a1fa454b4793b51e9f4349e39c017c9ed507be04",
                "reference": "a1fa454b4793b51e9f4349e39c017c9ed507be04",
                "shasum": "",
                "mirrors": [
                    {
                        "url": "https://dl.laravel-china.org/%package%/%reference%.%type%",
                        "preferred": true
                    }
                ]
            },
            "require": {
                "php": ">=5.6"
            },
            "type": "library",
            "autoload": {
                "psr-4": {
                    "nulastudio\\": "src/"
                }
            },
            "notification-url": "https://packagist.org/downloads/",
            "license": [
                "MIT"
            ],
            "keywords": [
                "middleware",
                "nulastudio"
            ],
            "time": "2018-01-23T08:15:58+00:00"
        }
    ],
    "packages-dev": [],
    "aliases": [],
    "minimum-stability": "stable",
    "stability-flags": [],
    "prefer-stable": false,
    "prefer-lowest": false,
    "platform": [],
    "platform-dev": []
}
